
Microsoft Visual Studio Solution File, Format Version 12.00
# Visual Studio 14
VisualStudioVersion = 14.0.25420.1
MinimumVisualStudioVersion = 10.0.40219.1
Project("{FAE04EC0-301F-11D3-BF4B-00C04F79EFBC}") = "WebApiDemo", "WebApiDemo\WebApiDemo.csproj", "{98D6C11C-D8F8-46E2-A16E-3E0C027C86C1}"
EndProject
Project("{FAE04EC0-301F-11D3-BF4B-00C04F79EFBC}") = "WebApiBusiness", "WebApiBusiness\WebApiBusiness.csproj", "{22EF8204-695E-4093-A02E-A15A7DDCEADB}"
EndProject
Global
	GlobalSection(SolutionConfigurationPlatforms) = preSolution
		Debug|Any CPU = Debug|Any CPU
		Release|Any CPU = Release|Any CPU
	EndGlobalSection
	GlobalSection(ProjectConfigurationPlatforms) = postSolution
		{98D6C11C-D8F8-46E2-A16E-3E0C027C86C1}.Debug|Any CPU.ActiveCfg = Debug|Any CPU
		{98D6C11C-D8F8-46E2-A16E-3E0C027C86C1}.Debug|Any CPU.Build.0 = Debug|Any CPU
		{98D6C11C-D8F8-46E2-A16E-3E0C027C86C1}.Release|Any CPU.ActiveCfg = Release|Any CPU
		{98D6C11C-D8F8-46E2-A16E-3E0C027C86C1}.Release|Any CPU.Build.0 = Release|Any CPU
		{22EF8204-695E-4093-A02E-A15A7DDCEADB}.Debug|Any CPU.ActiveCfg = Debug|Any CPU
		{22EF8204-695E-4093-A02E-A15A7DDCEADB}.Debug|Any CPU.Build.0 = Debug|Any CPU
		{22EF8204-695E-4093-A02E-A15A7DDCEADB}.Release|Any CPU.ActiveCfg = Release|Any CPU
		{22EF8204-695E-4093-A02E-A15A7DDCEADB}.Release|Any CPU.Build.0 = Release|Any CPU
	EndGlobalSection
	GlobalSection(SolutionProperties) = preSolution
		HideSolutionNode = FALSE
	EndGlobalSection
EndGlobal
